
Microsoft Visual Studio Solution File, Format Version 12.00
# Visual Studio 14
VisualStudioVersion = 14.0.24720.0
MinimumVisualStudioVersion = 10.0.40219.1
Project("{FAE04EC0-301F-11D3-BF4B-00C04F79EFBC}") = "ORM", "ORM\ORM.csproj", "{44EF1C3B-3396-4694-9CC8-1E8624018AFB}"
EndProject
Project("{FAE04EC0-301F-11D3-BF4B-00C04F79EFBC}") = "DAL", "DAL\DAL.csproj", "{04BDE8ED-D519-495B-BFC4-1B66E35C1451}"
EndProject
Project("{FAE04EC0-301F-11D3-BF4B-00C04F79EFBC}") = "DAL.Interfaces", "DAL.Interfaces\DAL.Interfaces.csproj", "{ACD605B0-1766-4D17-AB39-DBAA038071FA}"
EndProject
Global
	GlobalSection(SolutionConfigurationPlatforms) = preSolution
		Debug|Any CPU = Debug|Any CPU
		Release|Any CPU = Release|Any CPU
	EndGlobalSection
	GlobalSection(ProjectConfigurationPlatforms) = postSolution
		{44EF1C3B-3396-4694-9CC8-1E8624018AFB}.Debug|Any CPU.ActiveCfg = Debug|Any CPU
		{44EF1C3B-3396-4694-9CC8-1E8624018AFB}.Debug|Any CPU.Build.0 = Debug|Any CPU
		{44EF1C3B-3396-4694-9CC8-1E8624018AFB}.Release|Any CPU.ActiveCfg = Release|Any CPU
		{44EF1C3B-3396-4694-9CC8-1E8624018AFB}.Release|Any CPU.Build.0 = Release|Any CPU
		{04BDE8ED-D519-495B-BFC4-1B66E35C1451}.Debug|Any CPU.ActiveCfg = Debug|Any CPU
		{04BDE8ED-D519-495B-BFC4-1B66E35C1451}.Debug|Any CPU.Build.0 = Debug|Any CPU
		{04BDE8ED-D519-495B-BFC4-1B66E35C1451}.Release|Any CPU.ActiveCfg = Release|Any CPU
		{04BDE8ED-D519-495B-BFC4-1B66E35C1451}.Release|Any CPU.Build.0 = Release|Any CPU
		{ACD605B0-1766-4D17-AB39-DBAA038071FA}.Debug|Any CPU.ActiveCfg = Debug|Any CPU
		{ACD605B0-1766-4D17-AB39-DBAA038071FA}.Debug|Any CPU.Build.0 = Debug|Any CPU
		{ACD605B0-1766-4D17-AB39-DBAA038071FA}.Release|Any CPU.ActiveCfg = Release|Any CPU
		{ACD605B0-1766-4D17-AB39-DBAA038071FA}.Release|Any CPU.Build.0 = Release|Any CPU
	EndGlobalSection
	GlobalSection(SolutionProperties) = preSolution
		HideSolutionNode = FALSE
	EndGlobalSection
EndGlobal
