
Microsoft Visual Studio Solution File, Format Version 12.00
# Visual Studio 14
VisualStudioVersion = 14.0.24720.0
MinimumVisualStudioVersion = 10.0.40219.1
Project("{FAE04EC0-301F-11D3-BF4B-00C04F79EFBC}") = "Wunderlist.ORM", "Wunderlist.ORM\Wunderlist.ORM.csproj", "{44EF1C3B-3396-4694-9CC8-1E8624018AFB}"
EndProject
Project("{FAE04EC0-301F-11D3-BF4B-00C04F79EFBC}") = "Wunderlist.DataAccess.MsSql", "Wunderlist.DataAccess.MSSQL\Wunderlist.DataAccess.MsSql.csproj", "{04BDE8ED-D519-495B-BFC4-1B66E35C1451}"
EndProject
Project("{FAE04EC0-301F-11D3-BF4B-00C04F79EFBC}") = "Wunderlist.DataAccess.Interfaces", "Wunderlist.DataAccess.Interfaces\Wunderlist.DataAccess.Interfaces.csproj", "{ACD605B0-1766-4D17-AB39-DBAA038071FA}"
EndProject
Project("{FAE04EC0-301F-11D3-BF4B-00C04F79EFBC}") = "Wunderlist.Services.Interfaces", "Wunderlist.Services.Interfaces\Wunderlist.Services.Interfaces.csproj", "{820E68F3-825F-4D65-B9B1-37E554D50ED6}"
EndProject
Project("{FAE04EC0-301F-11D3-BF4B-00C04F79EFBC}") = "Wunderlist.Services", "Wunderlist.Services\Wunderlist.Services.csproj", "{5BAC3D88-BEF8-4709-87FC-DB61703C0205}"
EndProject
Project("{FAE04EC0-301F-11D3-BF4B-00C04F79EFBC}") = "Wunderlist.DependencyResolver", "Wunderlist.DependencyResolver\Wunderlist.DependencyResolver.csproj", "{0A365388-623E-4999-BA9E-B15A69EF6F27}"
EndProject
Project("{FAE04EC0-301F-11D3-BF4B-00C04F79EFBC}") = "Wunderlist.WebUI", "Wunderlist.WebUI\Wunderlist.WebUI.csproj", "{698522B4-8503-46AB-B3D3-A0799CBC54D5}"
EndProject
Project("{FAE04EC0-301F-11D3-BF4B-00C04F79EFBC}") = "Wunderlist.Tests", "Wunderlist.Tests\Wunderlist.Tests.csproj", "{4EF18F4D-FC41-419E-880B-517796527209}"
EndProject
Global
	GlobalSection(SolutionConfigurationPlatforms) = preSolution
		Debug|Any CPU = Debug|Any CPU
		Release|Any CPU = Release|Any CPU
	EndGlobalSection
	GlobalSection(ProjectConfigurationPlatforms) = postSolution
		{44EF1C3B-3396-4694-9CC8-1E8624018AFB}.Debug|Any CPU.ActiveCfg = Debug|Any CPU
		{44EF1C3B-3396-4694-9CC8-1E8624018AFB}.Debug|Any CPU.Build.0 = Debug|Any CPU
		{44EF1C3B-3396-4694-9CC8-1E8624018AFB}.Release|Any CPU.ActiveCfg = Release|Any CPU
		{44EF1C3B-3396-4694-9CC8-1E8624018AFB}.Release|Any CPU.Build.0 = Release|Any CPU
		{04BDE8ED-D519-495B-BFC4-1B66E35C1451}.Debug|Any CPU.ActiveCfg = Debug|Any CPU
		{04BDE8ED-D519-495B-BFC4-1B66E35C1451}.Debug|Any CPU.Build.0 = Debug|Any CPU
		{04BDE8ED-D519-495B-BFC4-1B66E35C1451}.Release|Any CPU.ActiveCfg = Release|Any CPU
		{04BDE8ED-D519-495B-BFC4-1B66E35C1451}.Release|Any CPU.Build.0 = Release|Any CPU
		{ACD605B0-1766-4D17-AB39-DBAA038071FA}.Debug|Any CPU.ActiveCfg = Debug|Any CPU
		{ACD605B0-1766-4D17-AB39-DBAA038071FA}.Debug|Any CPU.Build.0 = Debug|Any CPU
		{ACD605B0-1766-4D17-AB39-DBAA038071FA}.Release|Any CPU.ActiveCfg = Release|Any CPU
		{ACD605B0-1766-4D17-AB39-DBAA038071FA}.Release|Any CPU.Build.0 = Release|Any CPU
		{820E68F3-825F-4D65-B9B1-37E554D50ED6}.Debug|Any CPU.ActiveCfg = Debug|Any CPU
		{820E68F3-825F-4D65-B9B1-37E554D50ED6}.Debug|Any CPU.Build.0 = Debug|Any CPU
		{820E68F3-825F-4D65-B9B1-37E554D50ED6}.Release|Any CPU.ActiveCfg = Release|Any CPU
		{820E68F3-825F-4D65-B9B1-37E554D50ED6}.Release|Any CPU.Build.0 = Release|Any CPU
		{5BAC3D88-BEF8-4709-87FC-DB61703C0205}.Debug|Any CPU.ActiveCfg = Debug|Any CPU
		{5BAC3D88-BEF8-4709-87FC-DB61703C0205}.Debug|Any CPU.Build.0 = Debug|Any CPU
		{5BAC3D88-BEF8-4709-87FC-DB61703C0205}.Release|Any CPU.ActiveCfg = Release|Any CPU
		{5BAC3D88-BEF8-4709-87FC-DB61703C0205}.Release|Any CPU.Build.0 = Release|Any CPU
		{0A365388-623E-4999-BA9E-B15A69EF6F27}.Debug|Any CPU.ActiveCfg = Debug|Any CPU
		{0A365388-623E-4999-BA9E-B15A69EF6F27}.Debug|Any CPU.Build.0 = Debug|Any CPU
		{0A365388-623E-4999-BA9E-B15A69EF6F27}.Release|Any CPU.ActiveCfg = Release|Any CPU
		{0A365388-623E-4999-BA9E-B15A69EF6F27}.Release|Any CPU.Build.0 = Release|Any CPU
		{698522B4-8503-46AB-B3D3-A0799CBC54D5}.Debug|Any CPU.ActiveCfg = Debug|Any CPU
		{698522B4-8503-46AB-B3D3-A0799CBC54D5}.Debug|Any CPU.Build.0 = Debug|Any CPU
		{698522B4-8503-46AB-B3D3-A0799CBC54D5}.Release|Any CPU.ActiveCfg = Release|Any CPU
		{698522B4-8503-46AB-B3D3-A0799CBC54D5}.Release|Any CPU.Build.0 = Release|Any CPU
		{4EF18F4D-FC41-419E-880B-517796527209}.Debug|Any CPU.ActiveCfg = Debug|Any CPU
		{4EF18F4D-FC41-419E-880B-517796527209}.Debug|Any CPU.Build.0 = Debug|Any CPU
		{4EF18F4D-FC41-419E-880B-517796527209}.Release|Any CPU.ActiveCfg = Release|Any CPU
		{4EF18F4D-FC41-419E-880B-517796527209}.Release|Any CPU.Build.0 = Release|Any CPU
	EndGlobalSection
	GlobalSection(SolutionProperties) = preSolution
		HideSolutionNode = FALSE
	EndGlobalSection
EndGlobal
